
Microsoft Visual Studio Solution File, Format Version 12.00
# Visual Studio 15
VisualStudioVersion = 15.0.26124.0
MinimumVisualStudioVersion = 15.0.26124.0
Project("{FAE04EC0-301F-11D3-BF4B-00C04F79EFBC}") = "FloraFixer", "FloraFixer\FloraFixer.csproj", "{24AF9384-94DD-481B-9F11-AEBB9D1D87C3}"
EndProject